{
  "requires": true,
  "lockfileVersion": 1,
  "dependencies": {
    "foundation-sites": {
      "version": "6.7.2",
      "resolved": "https://registry.npmjs.org/foundation-sites/-/foundation-sites-6.7.2.tgz",
      "integrity": "sha512-repCBMRNi3JnYKVYwOUSnfxSMHPEQwNHcaHchlyHvx6s7CyFg7Ha+cAh6VsD32XWnkKZBpa/iz7kP8/FN43waQ=="
    }
  }
}
